
Microsoft Visual Studio Solution File, Format Version 12.00
# Visual Studio Version 17
VisualStudioVersion = 17.14.36623.8
MinimumVisualStudioVersion = 10.0.40219.1
Project("{FAE04EC0-301F-11D3-BF4B-00C04F79EFBC}") = "apiApp", "apiApp\apiApp.csproj", "{B6EAE916-9CC1-49CE-8D14-78A4BA02AE6E}"
EndProject
Project("{2150E333-8FDC-42A3-9474-1A3956D46DE8}") = ".github", ".github", "{02EA681E-C7D8-13C7-8484-4AC65E1B71E8}"
EndProject
Project("{2150E333-8FDC-42A3-9474-1A3956D46DE8}") = "workflows", "workflows", "{1A7E58D0-6908-4225-9471-D976ECB58A8F}"
	ProjectSection(SolutionItems) = preProject
		.github\workflows\PushJob.yml = .github\workflows\PushJob.yml
	EndProjectSection
EndProject
Global
	GlobalSection(SolutionConfigurationPlatforms) = preSolution
		Debug|Any CPU = Debug|Any CPU
		Release|Any CPU = Release|Any CPU
	EndGlobalSection
	GlobalSection(ProjectConfigurationPlatforms) = postSolution
		{B6EAE916-9CC1-49CE-8D14-78A4BA02AE6E}.Debug|Any CPU.ActiveCfg = Debug|Any CPU
		{B6EAE916-9CC1-49CE-8D14-78A4BA02AE6E}.Debug|Any CPU.Build.0 = Debug|Any CPU
		{B6EAE916-9CC1-49CE-8D14-78A4BA02AE6E}.Release|Any CPU.ActiveCfg = Release|Any CPU
		{B6EAE916-9CC1-49CE-8D14-78A4BA02AE6E}.Release|Any CPU.Build.0 = Release|Any CPU
	EndGlobalSection
	GlobalSection(SolutionProperties) = preSolution
		HideSolutionNode = FALSE
	EndGlobalSection
	GlobalSection(NestedProjects) = preSolution
		{1A7E58D0-6908-4225-9471-D976ECB58A8F} = {02EA681E-C7D8-13C7-8484-4AC65E1B71E8}
	EndGlobalSection
	GlobalSection(ExtensibilityGlobals) = postSolution
		SolutionGuid = {BF17F966-FB20-4C01-BA45-080A745B01AB}
	EndGlobalSection
EndGlobal
