Microsoft Visual Studio Solution File, Format Version 12.00
# Visual Studio Version 17
VisualStudioVersion = 17.5.2.0
MinimumVisualStudioVersion = 10.0.40219.1
Project("{FAE04EC0-301F-11D3-BF4B-00C04F79EFBC}") = "apiApp", "apiApp.csproj", "{092B9B6D-3B20-F8C5-A3B8-CA905985D31A}"
EndProject
Global
	GlobalSection(SolutionConfigurationPlatforms) = preSolution
		Debug|Any CPU = Debug|Any CPU
		Release|Any CPU = Release|Any CPU
	EndGlobalSection
	GlobalSection(ProjectConfigurationPlatforms) = postSolution
		{092B9B6D-3B20-F8C5-A3B8-CA905985D31A}.Debug|Any CPU.ActiveCfg = Debug|Any CPU
		{092B9B6D-3B20-F8C5-A3B8-CA905985D31A}.Debug|Any CPU.Build.0 = Debug|Any CPU
		{092B9B6D-3B20-F8C5-A3B8-CA905985D31A}.Release|Any CPU.ActiveCfg = Release|Any CPU
		{092B9B6D-3B20-F8C5-A3B8-CA905985D31A}.Release|Any CPU.Build.0 = Release|Any CPU
	EndGlobalSection
	GlobalSection(SolutionProperties) = preSolution
		HideSolutionNode = FALSE
	EndGlobalSection
	GlobalSection(ExtensibilityGlobals) = postSolution
		SolutionGuid = {9350DDC8-D9DF-479C-ACD4-6CD3FAFBDA69}
	EndGlobalSection
EndGlobal
